// !$*UTF8*$!
{
	archiveVersion = 1;
	classes = {
	};
	objectVersion = 50;
	objects = {

/* Begin PBXBuildFile section */
		41F9AEC5CF9A5EF25044EFE5 /* Pods_VisionTestTests.framework in Frameworks */ = {isa = PBXBuildFile; fileRef = 6218845F0114152718DB3AA8 /* Pods_VisionTestTests.framework */; };
		6899B9E00828CB46772888C3 /* Pods_VisionTest.framework in Frameworks */ = {isa = PBXBuildFile; fileRef = 0D2213327EA9902359E1004D /* Pods_VisionTest.framework */; };
		D15771954C04079BF0AD22AD /* Pods_VisionTest_VisionTestUITests.framework in Frameworks */ = {isa = PBXBuildFile; fileRef = E0D7BB39B92B6CD6FBB4FDC8 /* Pods_VisionTest_VisionTestUITests.framework */; };
		FA3380F5260781380099DDC0 /* AppDelegate.swift in Sources */ = {isa = PBXBuildFile; fileRef = FA3380F4260781380099DDC0 /* AppDelegate.swift */; };
		FA3380F7260781380099DDC0 /* SceneDelegate.swift in Sources */ = {isa = PBXBuildFile; fileRef = FA3380F6260781380099DDC0 /* SceneDelegate.swift */; };
		FA3380F9260781380099DDC0 /* ViewController.swift in Sources */ = {isa = PBXBuildFile; fileRef = FA3380F8260781380099DDC0 /* ViewController.swift */; };
		FA3380FC260781380099DDC0 /* Main.storyboard in Resources */ = {isa = PBXBuildFile; fileRef = FA3380FA260781380099DDC0 /* Main.storyboard */; };
		FA3380FE260781380099DDC0 /* Assets.xcassets in Resources */ = {isa = PBXBuildFile; fileRef = FA3380FD260781380099DDC0 /* Assets.xcassets */; };
		FA338101260781380099DDC0 /* LaunchScreen.storyboard in Resources */ = {isa = PBXBuildFile; fileRef = FA3380FF260781380099DDC0 /* LaunchScreen.storyboard */; };
		FA33810C260781380099DDC0 /* VisionTestTests.swift in Sources */ = {isa = PBXBuildFile; fileRef = FA33810B260781380099DDC0 /* VisionTestTests.swift */; };
		FA338117260781380099DDC0 /* VisionTestUITests.swift in Sources */ = {isa = PBXBuildFile; fileRef = FA338116260781380099DDC0 /* VisionTestUITests.swift */; };
/* End PBXBuildFile section */

/* Begin PBXContainerItemProxy section */
		FA338108260781380099DDC0 /* PBXContainerItemProxy */ = {
			isa = PBXContainerItemProxy;
			containerPortal = FA3380E9260781380099DDC0 /* Project object */;
			proxyType = 1;
			remoteGlobalIDString = FA3380F0260781380099DDC0;
			remoteInfo = VisionTest;
		};
		FA338113260781380099DDC0 /* PBXContainerItemProxy */ = {
			isa = PBXContainerItemProxy;
			containerPortal = FA3380E9260781380099DDC0 /* Project object */;
			proxyType = 1;
			remoteGlobalIDString = FA3380F0260781380099DDC0;
			remoteInfo = VisionTest;
		};
/* End PBXContainerItemProxy section */

/* Begin PBXFileReference section */
		05073EB9C92BE9C7B13970CF /* Pods-VisionTest.release.xcconfig */ = {isa = PBXFileReference; includeInIndex = 1; lastKnownFileType = text.xcconfig; name = "Pods-VisionTest.release.xcconfig"; path = "Target Support Files/Pods-VisionTest/Pods-VisionTest.release.xcconfig"; sourceTree = "<group>"; };
		0A0589F33F8BABCF28DCA673 /* Pods-VisionTest-VisionTestUITests.release.xcconfig */ = {isa = PBXFileReference; includeInIndex = 1; lastKnownFileType = text.xcconfig; name = "Pods-VisionTest-VisionTestUITests.release.xcconfig"; path = "Target Support Files/Pods-VisionTest-VisionTestUITests/Pods-VisionTest-VisionTestUITests.release.xcconfig"; sourceTree = "<group>"; };
		0D2213327EA9902359E1004D /* Pods_VisionTest.framework */ = {isa = PBXFileReference; explicitFileType = wrapper.framework; includeInIndex = 0; path = Pods_VisionTest.framework; sourceTree = BUILT_PRODUCTS_DIR; };
		4802647D593075183A27CA5D /* Pods-VisionTestTests.debug.xcconfig */ = {isa = PBXFileReference; includeInIndex = 1; lastKnownFileType = text.xcconfig; name = "Pods-VisionTestTests.debug.xcconfig"; path = "Target Support Files/Pods-VisionTestTests/Pods-VisionTestTests.debug.xcconfig"; sourceTree = "<group>"; };
		6218845F0114152718DB3AA8 /* Pods_VisionTestTests.framework */ = {isa = PBXFileReference; explicitFileType = wrapper.framework; includeInIndex = 0; path = Pods_VisionTestTests.framework; sourceTree = BUILT_PRODUCTS_DIR; };
		6B097FD0EB0DEF22174227CD /* Pods-VisionTest.debug.xcconfig */ = {isa = PBXFileReference; includeInIndex = 1; lastKnownFileType = text.xcconfig; name = "Pods-VisionTest.debug.xcconfig"; path = "Target Support Files/Pods-VisionTest/Pods-VisionTest.debug.xcconfig"; sourceTree = "<group>"; };
		C08CF5632807BA23548B0CB2 /* Pods-VisionTestTests.release.xcconfig */ = {isa = PBXFileReference; includeInIndex = 1; lastKnownFileType = text.xcconfig; name = "Pods-VisionTestTests.release.xcconfig"; path = "Target Support Files/Pods-VisionTestTests/Pods-VisionTestTests.release.xcconfig"; sourceTree = "<group>"; };
		C9BDD3AD9CB97AAF906A647F /* Pods-VisionTest-VisionTestUITests.debug.xcconfig */ = {isa = PBXFileReference; includeInIndex = 1; lastKnownFileType = text.xcconfig; name = "Pods-VisionTest-VisionTestUITests.debug.xcconfig"; path = "Target Support Files/Pods-VisionTest-VisionTestUITests/Pods-VisionTest-VisionTestUITests.debug.xcconfig"; sourceTree = "<group>"; };
		E0D7BB39B92B6CD6FBB4FDC8 /* Pods_VisionTest_VisionTestUITests.framework */ = {isa = PBXFileReference; explicitFileType = wrapper.framework; includeInIndex = 0; path = Pods_VisionTest_VisionTestUITests.framework; sourceTree = BUILT_PRODUCTS_DIR; };
		FA3380F1260781380099DDC0 /* VisionTest.app */ = {isa = PBXFileReference; explicitFileType = wrapper.application; includeInIndex = 0; path = VisionTest.app; sourceTree = BUILT_PRODUCTS_DIR; };
		FA3380F4260781380099DDC0 /* AppDelegate.swift */ = {isa = PBXFileReference; lastKnownFileType = sourcecode.swift; path = AppDelegate.swift; sourceTree = "<group>"; };
		FA3380F6260781380099DDC0 /* SceneDelegate.swift */ = {isa = PBXFileReference; lastKnownFileType = sourcecode.swift; path = SceneDelegate.swift; sourceTree = "<group>"; };
		FA3380F8260781380099DDC0 /* ViewController.swift */ = {isa = PBXFileReference; lastKnownFileType = sourcecode.swift; path = ViewController.swift; sourceTree = "<group>"; };
		FA3380FB260781380099DDC0 /* Base */ = {isa = PBXFileReference; lastKnownFileType = file.storyboard; name = Base; path = Base.lproj/Main.storyboard; sourceTree = "<group>"; };
		FA3380FD260781380099DDC0 /* Assets.xcassets */ = {isa = PBXFileReference; lastKnownFileType = folder.assetcatalog; path = Assets.xcassets; sourceTree = "<group>"; };
		FA338100260781380099DDC0 /* Base */ = {isa = PBXFileReference; lastKnownFileType = file.storyboard; name = Base; path = Base.lproj/LaunchScreen.storyboard; sourceTree = "<group>"; };
		FA338102260781380099DDC0 /* Info.plist */ = {isa = PBXFileReference; lastKnownFileType = text.plist.xml; path = Info.plist; sourceTree = "<group>"; };
		FA338107260781380099DDC0 /* VisionTestTests.xctest */ = {isa = PBXFileReference; explicitFileType = wrapper.cfbundle; includeInIndex = 0; path = VisionTestTests.xctest; sourceTree = BUILT_PRODUCTS_DIR; };
		FA33810B260781380099DDC0 /* VisionTestTests.swift */ = {isa = PBXFileReference; lastKnownFileType = sourcecode.swift; path = VisionTestTests.swift; sourceTree = "<group>"; };
		FA33810D260781380099DDC0 /* Info.plist */ = {isa = PBXFileReference; lastKnownFileType = text.plist.xml; path = Info.plist; sourceTree = "<group>"; };
		FA338112260781380099DDC0 /* VisionTestUITests.xctest */ = {isa = PBXFileReference; explicitFileType = wrapper.cfbundle; includeInIndex = 0; path = VisionTestUITests.xctest; sourceTree = BUILT_PRODUCTS_DIR; };
		FA338116260781380099DDC0 /* VisionTestUITests.swift */ = {isa = PBXFileReference; lastKnownFileType = sourcecode.swift; path = VisionTestUITests.swift; sourceTree = "<group>"; };
		FA338118260781380099DDC0 /* Info.plist */ = {isa = PBXFileReference; lastKnownFileType = text.plist.xml; path = Info.plist; sourceTree = "<group>"; };
/* End PBXFileReference section */

/* Begin PBXFrameworksBuildPhase section */
		FA3380EE260781380099DDC0 /* Frameworks */ = {
			isa = PBXFrameworksBuildPhase;
			buildActionMask = 2147483647;
			files = (
				6899B9E00828CB46772888C3 /* Pods_VisionTest.framework in Frameworks */,
			);
			runOnlyForDeploymentPostprocessing = 0;
		};
		FA338104260781380099DDC0 /* Frameworks */ = {
			isa = PBXFrameworksBuildPhase;
			buildActionMask = 2147483647;
			files = (
				41F9AEC5CF9A5EF25044EFE5 /* Pods_VisionTestTests.framework in Frameworks */,
			);
			runOnlyForDeploymentPostprocessing = 0;
		};
		FA33810F260781380099DDC0 /* Frameworks */ = {
			isa = PBXFrameworksBuildPhase;
			buildActionMask = 2147483647;
			files = (
				D15771954C04079BF0AD22AD /* Pods_VisionTest_VisionTestUITests.framework in Frameworks */,
			);
			runOnlyForDeploymentPostprocessing = 0;
		};
/* End PBXFrameworksBuildPhase section */

/* Begin PBXGroup section */
		6936DDD17ABF88B898B9899F /* Frameworks */ = {
			isa = PBXGroup;
			children = (
				0D2213327EA9902359E1004D /* Pods_VisionTest.framework */,
				E0D7BB39B92B6CD6FBB4FDC8 /* Pods_VisionTest_VisionTestUITests.framework */,
				6218845F0114152718DB3AA8 /* Pods_VisionTestTests.framework */,
			);
			name = Frameworks;
			sourceTree = "<group>";
		};
		E3C58C2DD0440F2122E9A76E /* Pods */ = {
			isa = PBXGroup;
			children = (
				6B097FD0EB0DEF22174227CD /* Pods-VisionTest.debug.xcconfig */,
				05073EB9C92BE9C7B13970CF /* Pods-VisionTest.release.xcconfig */,
				C9BDD3AD9CB97AAF906A647F /* Pods-VisionTest-VisionTestUITests.debug.xcconfig */,
				0A0589F33F8BABCF28DCA673 /* Pods-VisionTest-VisionTestUITests.release.xcconfig */,
				4802647D593075183A27CA5D /* Pods-VisionTestTests.debug.xcconfig */,
				C08CF5632807BA23548B0CB2 /* Pods-VisionTestTests.release.xcconfig */,
			);
			name = Pods;
			path = Pods;
			sourceTree = "<group>";
		};
		FA3380E8260781380099DDC0 = {
			isa = PBXGroup;
			children = (
				FA3380F3260781380099DDC0 /* VisionTest */,
				FA33810A260781380099DDC0 /* VisionTestTests */,
				FA338115260781380099DDC0 /* VisionTestUITests */,
				FA3380F2260781380099DDC0 /* Products */,
				E3C58C2DD0440F2122E9A76E /* Pods */,
				6936DDD17ABF88B898B9899F /* Frameworks */,
			);
			sourceTree = "<group>";
		};
		FA3380F2260781380099DDC0 /* Products */ = {
			isa = PBXGroup;
			children = (
				FA3380F1260781380099DDC0 /* VisionTest.app */,
				FA338107260781380099DDC0 /* VisionTestTests.xctest */,
				FA338112260781380099DDC0 /* VisionTestUITests.xctest */,
			);
			name = Products;
			sourceTree = "<group>";
		};
		FA3380F3260781380099DDC0 /* VisionTest */ = {
			isa = PBXGroup;
			children = (
				FA3380F4260781380099DDC0 /* AppDelegate.swift */,
				FA3380F6260781380099DDC0 /* SceneDelegate.swift */,
				FA3380F8260781380099DDC0 /* ViewController.swift */,
				FA3380FA260781380099DDC0 /* Main.storyboard */,
				FA3380FD260781380099DDC0 /* Assets.xcassets */,
				FA3380FF260781380099DDC0 /* LaunchScreen.storyboard */,
				FA338102260781380099DDC0 /* Info.plist */,
			);
			path = VisionTest;
			sourceTree = "<group>";
		};
		FA33810A260781380099DDC0 /* VisionTestTests */ = {
			isa = PBXGroup;
			children = (
				FA33810B260781380099DDC0 /* VisionTestTests.swift */,
				FA33810D260781380099DDC0 /* Info.plist */,
			);
			path = VisionTestTests;
			sourceTree = "<group>";
		};
		FA338115260781380099DDC0 /* VisionTestUITests */ = {
			isa = PBXGroup;
			children = (
				FA338116260781380099DDC0 /* VisionTestUITests.swift */,
				FA338118260781380099DDC0 /* Info.plist */,
			);
			path = VisionTestUITests;
			sourceTree = "<group>";
		};
/* End PBXGroup section */

/* Begin PBXNativeTarget section */
		FA3380F0260781380099DDC0 /* VisionTest */ = {
			isa = PBXNativeTarget;
			buildConfigurationList = FA33811B260781380099DDC0 /* Build configuration list for PBXNativeTarget "VisionTest" */;
			buildPhases = (
				F3058457CE105F00D8EB6210 /* [CP] Check Pods Manifest.lock */,
				FA3380ED260781380099DDC0 /* Sources */,
				FA3380EE260781380099DDC0 /* Frameworks */,
				FA3380EF260781380099DDC0 /* Resources */,
				9FC05EAD86CB629493326B07 /* [CP] Embed Pods Frameworks */,
				06D2B56BDAEEDA9225811461 /* [CP] Copy Pods Resources */,
			);
			buildRules = (
			);
			dependencies = (
			);
			name = VisionTest;
			productName = VisionTest;
			productReference = FA3380F1260781380099DDC0 /* VisionTest.app */;
			productType = "com.apple.product-type.application";
		};
		FA338106260781380099DDC0 /* VisionTestTests */ = {
			isa = PBXNativeTarget;
			buildConfigurationList = FA33811E260781380099DDC0 /* Build configuration list for PBXNativeTarget "VisionTestTests" */;
			buildPhases = (
				FC511D5AD886C2B8356A2096 /* [CP] Check Pods Manifest.lock */,
				FA338103260781380099DDC0 /* Sources */,
				FA338104260781380099DDC0 /* Frameworks */,
				FA338105260781380099DDC0 /* Resources */,
			);
			buildRules = (
			);
			dependencies = (
				FA338109260781380099DDC0 /* PBXTargetDependency */,
			);
			name = VisionTestTests;
			productName = VisionTestTests;
			productReference = FA338107260781380099DDC0 /* VisionTestTests.xctest */;
			productType = "com.apple.product-type.bundle.unit-test";
		};
		FA338111260781380099DDC0 /* VisionTestUITests */ = {
			isa = PBXNativeTarget;
			buildConfigurationList = FA338121260781380099DDC0 /* Build configuration list for PBXNativeTarget "VisionTestUITests" */;
			buildPhases = (
				50143C6D58AA9327DFCFC6B5 /* [CP] Check Pods Manifest.lock */,
				FA33810E260781380099DDC0 /* Sources */,
				FA33810F260781380099DDC0 /* Frameworks */,
				FA338110260781380099DDC0 /* Resources */,
				293FF1F0E811BC57C486F92A /* [CP] Embed Pods Frameworks */,
				630EDB2D0748D0949EDE13BD /* [CP] Copy Pods Resources */,
			);
			buildRules = (
			);
			dependencies = (
				FA338114260781380099DDC0 /* PBXTargetDependency */,
			);
			name = VisionTestUITests;
			productName = VisionTestUITests;
			productReference = FA338112260781380099DDC0 /* VisionTestUITests.xctest */;
			productType = "com.apple.product-type.bundle.ui-testing";
		};
/* End PBXNativeTarget section */

/* Begin PBXProject section */
		FA3380E9260781380099DDC0 /* Project object */ = {
			isa = PBXProject;
			attributes = {
				LastSwiftUpdateCheck = 1240;
				LastUpgradeCheck = 1240;
				TargetAttributes = {
					FA3380F0260781380099DDC0 = {
						CreatedOnToolsVersion = 12.4;
					};
					FA338106260781380099DDC0 = {
						CreatedOnToolsVersion = 12.4;
						TestTargetID = FA3380F0260781380099DDC0;
					};
					FA338111260781380099DDC0 = {
						CreatedOnToolsVersion = 12.4;
						TestTargetID = FA3380F0260781380099DDC0;
					};
				};
			};
			buildConfigurationList = FA3380EC260781380099DDC0 /* Build configuration list for PBXProject "VisionTest" */;
			compatibilityVersion = "Xcode 9.3";
			developmentRegion = en;
			hasScannedForEncodings = 0;
			knownRegions = (
				en,
				Base,
			);
			mainGroup = FA3380E8260781380099DDC0;
			productRefGroup = FA3380F2260781380099DDC0 /* Products */;
			projectDirPath = "";
			projectRoot = "";
			targets = (
				FA3380F0260781380099DDC0 /* VisionTest */,
				FA338106260781380099DDC0 /* VisionTestTests */,
				FA338111260781380099DDC0 /* VisionTestUITests */,
			);
		};
/* End PBXProject section */

/* Begin PBXResourcesBuildPhase section */
		FA3380EF260781380099DDC0 /* Resources */ = {
			isa = PBXResourcesBuildPhase;
			buildActionMask = 2147483647;
			files = (
				FA338101260781380099DDC0 /* LaunchScreen.storyboard in Resources */,
				FA3380FE260781380099DDC0 /* Assets.xcassets in Resources */,
				FA3380FC260781380099DDC0 /* Main.storyboard in Resources */,
			);
			runOnlyForDeploymentPostprocessing = 0;
		};
		FA338105260781380099DDC0 /* Resources */ = {
			isa = PBXResourcesBuildPhase;
			buildActionMask = 2147483647;
			files = (
			);
			runOnlyForDeploymentPostprocessing = 0;
		};
		FA338110260781380099DDC0 /* Resources */ = {
			isa = PBXResourcesBuildPhase;
			buildActionMask = 2147483647;
			files = (
			);
			runOnlyForDeploymentPostprocessing = 0;
		};
/* End PBXResourcesBuildPhase section */

/* Begin PBXShellScriptBuildPhase section */
		06D2B56BDAEEDA9225811461 /* [CP] Copy Pods Resources */ = {
			isa = PBXShellScriptBuildPhase;
			buildActionMask = 2147483647;
			files = (
			);
			inputFileListPaths = (
				"${PODS_ROOT}/Target Support Files/Pods-VisionTest/Pods-VisionTest-resources-${CONFIGURATION}-input-files.xcfilelist",
			);
			name = "[CP] Copy Pods Resources";
			outputFileListPaths = (
				"${PODS_ROOT}/Target Support Files/Pods-VisionTest/Pods-VisionTest-resources-${CONFIGURATION}-output-files.xcfilelist",
			);
			runOnlyForDeploymentPostprocessing = 0;
			shellPath = /bin/sh;
			shellScript = "\"${PODS_ROOT}/Target Support Files/Pods-VisionTest/Pods-VisionTest-resources.sh\"\n";
			showEnvVarsInLog = 0;
		};
		293FF1F0E811BC57C486F92A /* [CP] Embed Pods Frameworks */ = {
			isa = PBXShellScriptBuildPhase;
			buildActionMask = 2147483647;
			files = (
			);
			inputFileListPaths = (
				"${PODS_ROOT}/Target Support Files/Pods-VisionTest-VisionTestUITests/Pods-VisionTest-VisionTestUITests-frameworks-${CONFIGURATION}-input-files.xcfilelist",
			);
			name = "[CP] Embed Pods Frameworks";
			outputFileListPaths = (
				"${PODS_ROOT}/Target Support Files/Pods-VisionTest-VisionTestUITests/Pods-VisionTest-VisionTestUITests-frameworks-${CONFIGURATION}-output-files.xcfilelist",
			);
			runOnlyForDeploymentPostprocessing = 0;
			shellPath = /bin/sh;
			shellScript = "\"${PODS_ROOT}/Target Support Files/Pods-VisionTest-VisionTestUITests/Pods-VisionTest-VisionTestUITests-frameworks.sh\"\n";
			showEnvVarsInLog = 0;
		};
		50143C6D58AA9327DFCFC6B5 /* [CP] Check Pods Manifest.lock */ = {
			isa = PBXShellScriptBuildPhase;
			buildActionMask = 2147483647;
			files = (
			);
			inputFileListPaths = (
			);
			inputPaths = (
				"${PODS_PODFILE_DIR_PATH}/Podfile.lock",
				"${PODS_ROOT}/Manifest.lock",
			);
			name = "[CP] Check Pods Manifest.lock";
			outputFileListPaths = (
			);
			outputPaths = (
				"$(DERIVED_FILE_DIR)/Pods-VisionTest-VisionTestUITests-checkManifestLockResult.txt",
			);
			runOnlyForDeploymentPostprocessing = 0;
			shellPath = /bin/sh;
			shellScript = "diff \"${PODS_PODFILE_DIR_PATH}/Podfile.lock\" \"${PODS_ROOT}/Manifest.lock\" > /dev/null\nif [ $? != 0 ] ; then\n    # print error to STDERR\n    echo \"error: The sandbox is not in sync with the Podfile.lock. Run 'pod install' or update your CocoaPods installation.\" >&2\n    exit 1\nfi\n# This output is used by Xcode 'outputs' to avoid re-running this script phase.\necho \"SUCCESS\" > \"${SCRIPT_OUTPUT_FILE_0}\"\n";
			showEnvVarsInLog = 0;
		};
		630EDB2D0748D0949EDE13BD /* [CP] Copy Pods Resources */ = {
			isa = PBXShellScriptBuildPhase;
			buildActionMask = 2147483647;
			files = (
			);
			inputFileListPaths = (
				"${PODS_ROOT}/Target Support Files/Pods-VisionTest-VisionTestUITests/Pods-VisionTest-VisionTestUITests-resources-${CONFIGURATION}-input-files.xcfilelist",
			);
			name = "[CP] Copy Pods Resources";
			outputFileListPaths = (
				"${PODS_ROOT}/Target Support Files/Pods-VisionTest-VisionTestUITests/Pods-VisionTest-VisionTestUITests-resources-${CONFIGURATION}-output-files.xcfilelist",
			);
			runOnlyForDeploymentPostprocessing = 0;
			shellPath = /bin/sh;
			shellScript = "\"${PODS_ROOT}/Target Support Files/Pods-VisionTest-VisionTestUITests/Pods-VisionTest-VisionTestUITests-resources.sh\"\n";
			showEnvVarsInLog = 0;
		};
		9FC05EAD86CB629493326B07 /* [CP] Embed Pods Frameworks */ = {
			isa = PBXShellScriptBuildPhase;
			buildActionMask = 2147483647;
			files = (
			);
			inputFileListPaths = (
				"${PODS_ROOT}/Target Support Files/Pods-VisionTest/Pods-VisionTest-frameworks-${CONFIGURATION}-input-files.xcfilelist",
			);
			name = "[CP] Embed Pods Frameworks";
			outputFileListPaths = (
				"${PODS_ROOT}/Target Support Files/Pods-VisionTest/Pods-VisionTest-frameworks-${CONFIGURATION}-output-files.xcfilelist",
			);
			runOnlyForDeploymentPostprocessing = 0;
			shellPath = /bin/sh;
			shellScript = "\"${PODS_ROOT}/Target Support Files/Pods-VisionTest/Pods-VisionTest-frameworks.sh\"\n";
			showEnvVarsInLog = 0;
		};
		F3058457CE105F00D8EB6210 /* [CP] Check Pods Manifest.lock */ = {
			isa = PBXShellScriptBuildPhase;
			buildActionMask = 2147483647;
			files = (
			);
			inputFileListPaths = (
			);
			inputPaths = (
				"${PODS_PODFILE_DIR_PATH}/Podfile.lock",
				"${PODS_ROOT}/Manifest.lock",
			);
			name = "[CP] Check Pods Manifest.lock";
			outputFileListPaths = (
			);
			outputPaths = (
				"$(DERIVED_FILE_DIR)/Pods-VisionTest-checkManifestLockResult.txt",
			);
			runOnlyForDeploymentPostprocessing = 0;
			shellPath = /bin/sh;
			shellScript = "diff \"${PODS_PODFILE_DIR_PATH}/Podfile.lock\" \"${PODS_ROOT}/Manifest.lock\" > /dev/null\nif [ $? != 0 ] ; then\n    # print error to STDERR\n    echo \"error: The sandbox is not in sync with the Podfile.lock. Run 'pod install' or update your CocoaPods installation.\" >&2\n    exit 1\nfi\n# This output is used by Xcode 'outputs' to avoid re-running this script phase.\necho \"SUCCESS\" > \"${SCRIPT_OUTPUT_FILE_0}\"\n";
			showEnvVarsInLog = 0;
		};
		FC511D5AD886C2B8356A2096 /* [CP] Check Pods Manifest.lock */ = {
			isa = PBXShellScriptBuildPhase;
			buildActionMask = 2147483647;
			files = (
			);
			inputFileListPaths = (
			);
			inputPaths = (
				"${PODS_PODFILE_DIR_PATH}/Podfile.lock",
				"${PODS_ROOT}/Manifest.lock",
			);
			name = "[CP] Check Pods Manifest.lock";
			outputFileListPaths = (
			);
			outputPaths = (
				"$(DERIVED_FILE_DIR)/Pods-VisionTestTests-checkManifestLockResult.txt",
			);
			runOnlyForDeploymentPostprocessing = 0;
			shellPath = /bin/sh;
			shellScript = "diff \"${PODS_PODFILE_DIR_PATH}/Podfile.lock\" \"${PODS_ROOT}/Manifest.lock\" > /dev/null\nif [ $? != 0 ] ; then\n    # print error to STDERR\n    echo \"error: The sandbox is not in sync with the Podfile.lock. Run 'pod install' or update your CocoaPods installation.\" >&2\n    exit 1\nfi\n# This output is used by Xcode 'outputs' to avoid re-running this script phase.\necho \"SUCCESS\" > \"${SCRIPT_OUTPUT_FILE_0}\"\n";
			showEnvVarsInLog = 0;
		};
/* End PBXShellScriptBuildPhase section */

/* Begin PBXSourcesBuildPhase section */
		FA3380ED260781380099DDC0 /* Sources */ = {
			isa = PBXSourcesBuildPhase;
			buildActionMask = 2147483647;
			files = (
				FA3380F9260781380099DDC0 /* ViewController.swift in Sources */,
				FA3380F5260781380099DDC0 /* AppDelegate.swift in Sources */,
				FA3380F7260781380099DDC0 /* SceneDelegate.swift in Sources */,
			);
			runOnlyForDeploymentPostprocessing = 0;
		};
		FA338103260781380099DDC0 /* Sources */ = {
			isa = PBXSourcesBuildPhase;
			buildActionMask = 2147483647;
			files = (
				FA33810C260781380099DDC0 /* VisionTestTests.swift in Sources */,
			);
			runOnlyForDeploymentPostprocessing = 0;
		};
		FA33810E260781380099DDC0 /* Sources */ = {
			isa = PBXSourcesBuildPhase;
			buildActionMask = 2147483647;
			files = (
				FA338117260781380099DDC0 /* VisionTestUITests.swift in Sources */,
			);
			runOnlyForDeploymentPostprocessing = 0;
		};
/* End PBXSourcesBuildPhase section */

/* Begin PBXTargetDependency section */
		FA338109260781380099DDC0 /* PBXTargetDependency */ = {
			isa = PBXTargetDependency;
			target = FA3380F0260781380099DDC0 /* VisionTest */;
			targetProxy = FA338108260781380099DDC0 /* PBXContainerItemProxy */;
		};
		FA338114260781380099DDC0 /* PBXTargetDependency */ = {
			isa = PBXTargetDependency;
			target = FA3380F0260781380099DDC0 /* VisionTest */;
			targetProxy = FA338113260781380099DDC0 /* PBXContainerItemProxy */;
		};
/* End PBXTargetDependency section */

/* Begin PBXVariantGroup section */
		FA3380FA260781380099DDC0 /* Main.storyboard */ = {
			isa = PBXVariantGroup;
			children = (
				FA3380FB260781380099DDC0 /* Base */,
			);
			name = Main.storyboard;
			sourceTree = "<group>";
		};
		FA3380FF260781380099DDC0 /* LaunchScreen.storyboard */ = {
			isa = PBXVariantGroup;
			children = (
				FA338100260781380099DDC0 /* Base */,
			);
			name = LaunchScreen.storyboard;
			sourceTree = "<group>";
		};
/* End PBXVariantGroup section */

/* Begin XCBuildConfiguration section */
		FA338119260781380099DDC0 /* Debug */ = {
			isa = XCBuildConfiguration;
			buildSettings = {
				ALWAYS_SEARCH_USER_PATHS = NO;
				CLANG_ANALYZER_NONNULL = YES;
				CLANG_ANALYZER_NUMBER_OBJECT_CONVERSION = YES_AGGRESSIVE;
				CLANG_CXX_LANGUAGE_STANDARD = "gnu++14";
				CLANG_CXX_LIBRARY = "libc++";
				CLANG_ENABLE_MODULES = YES;
				CLANG_ENABLE_OBJC_ARC = YES;
				CLANG_ENABLE_OBJC_WEAK = YES;
				CLANG_WARN_BLOCK_CAPTURE_AUTORELEASING = YES;
				CLANG_WARN_BOOL_CONVERSION = YES;
				CLANG_WARN_COMMA = YES;
				CLANG_WARN_CONSTANT_CONVERSION = YES;
				CLANG_WARN_DEPRECATED_OBJC_IMPLEMENTATIONS = YES;
				CLANG_WARN_DIRECT_OBJC_ISA_USAGE = YES_ERROR;
				CLANG_WARN_DOCUMENTATION_COMMENTS = YES;
				CLANG_WARN_EMPTY_BODY = YES;
				CLANG_WARN_ENUM_CONVERSION = YES;
				CLANG_WARN_INFINITE_RECURSION = YES;
				CLANG_WARN_INT_CONVERSION = YES;
				CLANG_WARN_NON_LITERAL_NULL_CONVERSION = YES;
				CLANG_WARN_OBJC_IMPLICIT_RETAIN_SELF = YES;
				CLANG_WARN_OBJC_LITERAL_CONVERSION = YES;
				CLANG_WARN_OBJC_ROOT_CLASS = YES_ERROR;
				CLANG_WARN_QUOTED_INCLUDE_IN_FRAMEWORK_HEADER = YES;
				CLANG_WARN_RANGE_LOOP_ANALYSIS = YES;
				CLANG_WARN_STRICT_PROTOTYPES = YES;
				CLANG_WARN_SUSPICIOUS_MOVE = YES;
				CLANG_WARN_UNGUARDED_AVAILABILITY = YES_AGGRESSIVE;
				CLANG_WARN_UNREACHABLE_CODE = YES;
				CLANG_WARN__DUPLICATE_METHOD_MATCH = YES;
				COPY_PHASE_STRIP = NO;
				DEBUG_INFORMATION_FORMAT = dwarf;
				ENABLE_STRICT_OBJC_MSGSEND = YES;
				ENABLE_TESTABILITY = YES;
				GCC_C_LANGUAGE_STANDARD = gnu11;
				GCC_DYNAMIC_NO_PIC = NO;
				GCC_NO_COMMON_BLOCKS = YES;
				GCC_OPTIMIZATION_LEVEL = 0;
				GCC_PREPROCESSOR_DEFINITIONS = (
					"DEBUG=1",
					"$(inherited)",
				);
				GCC_WARN_64_TO_32_BIT_CONVERSION = YES;
				GCC_WARN_ABOUT_RETURN_TYPE = YES_ERROR;
				GCC_WARN_UNDECLARED_SELECTOR = YES;
				GCC_WARN_UNINITIALIZED_AUTOS = YES_AGGRESSIVE;
				GCC_WARN_UNUSED_FUNCTION = YES;
				GCC_WARN_UNUSED_VARIABLE = YES;
				IPHONEOS_DEPLOYMENT_TARGET = 14.4;
				MTL_ENABLE_DEBUG_INFO = INCLUDE_SOURCE;
				MTL_FAST_MATH = YES;
				ONLY_ACTIVE_ARCH = YES;
				SDKROOT = iphoneos;
				SWIFT_ACTIVE_COMPILATION_CONDITIONS = DEBUG;
				SWIFT_OPTIMIZATION_LEVEL = "-Onone";
			};
			name = Debug;
		};
		FA33811A260781380099DDC0 /* Release */ = {
			isa = XCBuildConfiguration;
			buildSettings = {
				ALWAYS_SEARCH_USER_PATHS = NO;
				CLANG_ANALYZER_NONNULL = YES;
				CLANG_ANALYZER_NUMBER_OBJECT_CONVERSION = YES_AGGRESSIVE;
				CLANG_CXX_LANGUAGE_STANDARD = "gnu++14";
				CLANG_CXX_LIBRARY = "libc++";
				CLANG_ENABLE_MODULES = YES;
				CLANG_ENABLE_OBJC_ARC = YES;
				CLANG_ENABLE_OBJC_WEAK = YES;
				CLANG_WARN_BLOCK_CAPTURE_AUTORELEASING = YES;
				CLANG_WARN_BOOL_CONVERSION = YES;
				CLANG_WARN_COMMA = YES;
				CLANG_WARN_CONSTANT_CONVERSION = YES;
				CLANG_WARN_DEPRECATED_OBJC_IMPLEMENTATIONS = YES;
				CLANG_WARN_DIRECT_OBJC_ISA_USAGE = YES_ERROR;
				CLANG_WARN_DOCUMENTATION_COMMENTS = YES;
				CLANG_WARN_EMPTY_BODY = YES;
				CLANG_WARN_ENUM_CONVERSION = YES;
				CLANG_WARN_INFINITE_RECURSION = YES;
				CLANG_WARN_INT_CONVERSION = YES;
				CLANG_WARN_NON_LITERAL_NULL_CONVERSION = YES;
				CLANG_WARN_OBJC_IMPLICIT_RETAIN_SELF = YES;
				CLANG_WARN_OBJC_LITERAL_CONVERSION = YES;
				CLANG_WARN_OBJC_ROOT_CLASS = YES_ERROR;
				CLANG_WARN_QUOTED_INCLUDE_IN_FRAMEWORK_HEADER = YES;
				CLANG_WARN_RANGE_LOOP_ANALYSIS = YES;
				CLANG_WARN_STRICT_PROTOTYPES = YES;
				CLANG_WARN_SUSPICIOUS_MOVE = YES;
				CLANG_WARN_UNGUARDED_AVAILABILITY = YES_AGGRESSIVE;
				CLANG_WARN_UNREACHABLE_CODE = YES;
				CLANG_WARN__DUPLICATE_METHOD_MATCH = YES;
				COPY_PHASE_STRIP = NO;
				DEBUG_INFORMATION_FORMAT = "dwarf-with-dsym";
				ENABLE_NS_ASSERTIONS = NO;
				ENABLE_STRICT_OBJC_MSGSEND = YES;
				GCC_C_LANGUAGE_STANDARD = gnu11;
				GCC_NO_COMMON_BLOCKS = YES;
				GCC_WARN_64_TO_32_BIT_CONVERSION = YES;
				GCC_WARN_ABOUT_RETURN_TYPE = YES_ERROR;
				GCC_WARN_UNDECLARED_SELECTOR = YES;
				GCC_WARN_UNINITIALIZED_AUTOS = YES_AGGRESSIVE;
				GCC_WARN_UNUSED_FUNCTION = YES;
				GCC_WARN_UNUSED_VARIABLE = YES;
				IPHONEOS_DEPLOYMENT_TARGET = 14.4;
				MTL_ENABLE_DEBUG_INFO = NO;
				MTL_FAST_MATH = YES;
				SDKROOT = iphoneos;
				SWIFT_COMPILATION_MODE = wholemodule;
				SWIFT_OPTIMIZATION_LEVEL = "-O";
				VALIDATE_PRODUCT = YES;
			};
			name = Release;
		};
		FA33811C260781380099DDC0 /* Debug */ = {
			isa = XCBuildConfiguration;
			baseConfigurationReference = 6B097FD0EB0DEF22174227CD /* Pods-VisionTest.debug.xcconfig */;
			buildSettings = {
				ASSETCATALOG_COMPILER_APPICON_NAME = AppIcon;
				ASSETCATALOG_COMPILER_GLOBAL_ACCENT_COLOR_NAME = AccentColor;
				CODE_SIGN_STYLE = Automatic;
				DEVELOPMENT_TEAM = JVM82SQA75;
				INFOPLIST_FILE = VisionTest/Info.plist;
				IPHONEOS_DEPLOYMENT_TARGET = 13.0;
				LD_RUNPATH_SEARCH_PATHS = (
					"$(inherited)",
					"@executable_path/Frameworks",
				);
				PRODUCT_BUNDLE_IDENTIFIER = dev.myungji.VisionTest;
				PRODUCT_NAME = "$(TARGET_NAME)";
				SWIFT_VERSION = 5.0;
				TARGETED_DEVICE_FAMILY = "1,2";
			};
			name = Debug;
		};
		FA33811D260781380099DDC0 /* Release */ = {
			isa = XCBuildConfiguration;
			baseConfigurationReference = 05073EB9C92BE9C7B13970CF /* Pods-VisionTest.release.xcconfig */;
			buildSettings = {
				ASSETCATALOG_COMPILER_APPICON_NAME = AppIcon;
				ASSETCATALOG_COMPILER_GLOBAL_ACCENT_COLOR_NAME = AccentColor;
				CODE_SIGN_STYLE = Automatic;
				DEVELOPMENT_TEAM = JVM82SQA75;
				INFOPLIST_FILE = VisionTest/Info.plist;
				IPHONEOS_DEPLOYMENT_TARGET = 13.0;
				LD_RUNPATH_SEARCH_PATHS = (
					"$(inherited)",
					"@executable_path/Frameworks",
				);
				PRODUCT_BUNDLE_IDENTIFIER = dev.myungji.VisionTest;
				PRODUCT_NAME = "$(TARGET_NAME)";
				SWIFT_VERSION = 5.0;
				TARGETED_DEVICE_FAMILY = "1,2";
			};
			name = Release;
		};
		FA33811F260781380099DDC0 /* Debug */ = {
			isa = XCBuildConfiguration;
			baseConfigurationReference = 4802647D593075183A27CA5D /* Pods-VisionTestTests.debug.xcconfig */;
			buildSettings = {
				ALWAYS_EMBED_SWIFT_STANDARD_LIBRARIES = YES;
				BUNDLE_LOADER = "$(TEST_HOST)";
				CODE_SIGN_STYLE = Automatic;
				DEVELOPMENT_TEAM = JVM82SQA75;
				INFOPLIST_FILE = VisionTestTests/Info.plist;
				IPHONEOS_DEPLOYMENT_TARGET = 14.4;
				LD_RUNPATH_SEARCH_PATHS = (
					"$(inherited)",
					"@executable_path/Frameworks",
					"@loader_path/Frameworks",
				);
				PRODUCT_BUNDLE_IDENTIFIER = dev.myungji.VisionTestTests;
				PRODUCT_NAME = "$(TARGET_NAME)";
				SWIFT_VERSION = 5.0;
				TARGETED_DEVICE_FAMILY = "1,2";
				TEST_HOST = "$(BUILT_PRODUCTS_DIR)/VisionTest.app/VisionTest";
			};
			name = Debug;
		};
		FA338120260781380099DDC0 /* Release */ = {
			isa = XCBuildConfiguration;
			baseConfigurationReference = C08CF5632807BA23548B0CB2 /* Pods-VisionTestTests.release.xcconfig */;
			buildSettings = {
				ALWAYS_EMBED_SWIFT_STANDARD_LIBRARIES = YES;
				BUNDLE_LOADER = "$(TEST_HOST)";
				CODE_SIGN_STYLE = Automatic;
				DEVELOPMENT_TEAM = JVM82SQA75;
				INFOPLIST_FILE = VisionTestTests/Info.plist;
				IPHONEOS_DEPLOYMENT_TARGET = 14.4;
				LD_RUNPATH_SEARCH_PATHS = (
					"$(inherited)",
					"@executable_path/Frameworks",
					"@loader_path/Frameworks",
				);
				PRODUCT_BUNDLE_IDENTIFIER = dev.myungji.VisionTestTests;
				PRODUCT_NAME = "$(TARGET_NAME)";
				SWIFT_VERSION = 5.0;
				TARGETED_DEVICE_FAMILY = "1,2";
				TEST_HOST = "$(BUILT_PRODUCTS_DIR)/VisionTest.app/VisionTest";
			};
			name = Release;
		};
		FA338122260781380099DDC0 /* Debug */ = {
			isa = XCBuildConfiguration;
			baseConfigurationReference = C9BDD3AD9CB97AAF906A647F /* Pods-VisionTest-VisionTestUITests.debug.xcconfig */;
			buildSettings = {
				ALWAYS_EMBED_SWIFT_STANDARD_LIBRARIES = YES;
				CODE_SIGN_STYLE = Automatic;
				DEVELOPMENT_TEAM = JVM82SQA75;
				INFOPLIST_FILE = VisionTestUITests/Info.plist;
				LD_RUNPATH_SEARCH_PATHS = (
					"$(inherited)",
					"@executable_path/Frameworks",
					"@loader_path/Frameworks",
				);
				PRODUCT_BUNDLE_IDENTIFIER = dev.myungji.VisionTestUITests;
				PRODUCT_NAME = "$(TARGET_NAME)";
				SWIFT_VERSION = 5.0;
				TARGETED_DEVICE_FAMILY = "1,2";
				TEST_TARGET_NAME = VisionTest;
			};
			name = Debug;
		};
		FA338123260781380099DDC0 /* Release */ = {
			isa = XCBuildConfiguration;
			baseConfigurationReference = 0A0589F33F8BABCF28DCA673 /* Pods-VisionTest-VisionTestUITests.release.xcconfig */;
			buildSettings = {
				ALWAYS_EMBED_SWIFT_STANDARD_LIBRARIES = YES;
				CODE_SIGN_STYLE = Automatic;
				DEVELOPMENT_TEAM = JVM82SQA75;
				INFOPLIST_FILE = VisionTestUITests/Info.plist;
				LD_RUNPATH_SEARCH_PATHS = (
					"$(inherited)",
					"@executable_path/Frameworks",
					"@loader_path/Frameworks",
				);
				PRODUCT_BUNDLE_IDENTIFIER = dev.myungji.VisionTestUITests;
				PRODUCT_NAME = "$(TARGET_NAME)";
				SWIFT_VERSION = 5.0;
				TARGETED_DEVICE_FAMILY = "1,2";
				TEST_TARGET_NAME = VisionTest;
			};
			name = Release;
		};
/* End XCBuildConfiguration section */

/* Begin XCConfigurationList section */
		FA3380EC260781380099DDC0 /* Build configuration list for PBXProject "VisionTest" */ = {
			isa = XCConfigurationList;
			buildConfigurations = (
				FA338119260781380099DDC0 /* Debug */,
				FA33811A260781380099DDC0 /* Release */,
			);
			defaultConfigurationIsVisible = 0;
			defaultConfigurationName = Release;
		};
		FA33811B260781380099DDC0 /* Build configuration list for PBXNativeTarget "VisionTest" */ = {
			isa = XCConfigurationList;
			buildConfigurations = (
				FA33811C260781380099DDC0 /* Debug */,
				FA33811D260781380099DDC0 /* Release */,
			);
			defaultConfigurationIsVisible = 0;
			defaultConfigurationName = Release;
		};
		FA33811E260781380099DDC0 /* Build configuration list for PBXNativeTarget "VisionTestTests" */ = {
			isa = XCConfigurationList;
			buildConfigurations = (
				FA33811F260781380099DDC0 /* Debug */,
				FA338120260781380099DDC0 /* Release */,
			);
			defaultConfigurationIsVisible = 0;
			defaultConfigurationName = Release;
		};
		FA338121260781380099DDC0 /* Build configuration list for PBXNativeTarget "VisionTestUITests" */ = {
			isa = XCConfigurationList;
			buildConfigurations = (
				FA338122260781380099DDC0 /* Debug */,
				FA338123260781380099DDC0 /* Release */,
			);
			defaultConfigurationIsVisible = 0;
			defaultConfigurationName = Release;
		};
/* End XCConfigurationList section */
	};
	rootObject = FA3380E9260781380099DDC0 /* Project object */;
}
